
Microsoft Visual Studio Solution File, Format Version 12.00
# Visual Studio Version 17
VisualStudioVersion = 17.12.35527.113
MinimumVisualStudioVersion = 10.0.40219.1
Project("{FAE04EC0-301F-11D3-BF4B-00C04F79EFBC}") = "CleanArchMvc.Domain", "CleanArchMvc.Domain\CleanArchMvc.Domain.csproj", "{08F880C1-D1CC-44A1-BF2E-B38AF931BCBD}"
EndProject
Project("{FAE04EC0-301F-11D3-BF4B-00C04F79EFBC}") = "CleanArchMvc.Infra.Data", "CleanArchMvc.Infra.Data\CleanArchMvc.Infra.Data.csproj", "{C2462692-AB89-43EE-B860-2E73B6F252A7}"
EndProject
Project("{FAE04EC0-301F-11D3-BF4B-00C04F79EFBC}") = "CleanArchMvc.Infra.IoC", "CleanArchMvc.Infra.IoC\CleanArchMvc.Infra.IoC.csproj", "{754BC422-56B4-4475-A3ED-C04994CA650E}"
EndProject
Project("{FAE04EC0-301F-11D3-BF4B-00C04F79EFBC}") = "CleanArchMvc.Domain.Tests", "CleanArchMvc.Domain.Tests\CleanArchMvc.Domain.Tests.csproj", "{4A9767C6-E891-48E6-879B-A706FEBF3963}"
EndProject
Project("{FAE04EC0-301F-11D3-BF4B-00C04F79EFBC}") = "CleanArchMvc.API", "CleanArchMvc.API\CleanArchMvc.API.csproj", "{2B2D79EF-6706-4FE6-A76D-00C2C1272D6D}"
EndProject
Project("{FAE04EC0-301F-11D3-BF4B-00C04F79EFBC}") = "CleanArchMvc.Application", "CleanArchMvc.Application\CleanArchMvc.Application.csproj", "{4A735B50-06E0-4FC2-9815-A633ADE38C3B}"
EndProject
Project("{FAE04EC0-301F-11D3-BF4B-00C04F79EFBC}") = "CleanArchMvc.Application.Tests", "CleanArchMvc.Application.Tests\CleanArchMvc.Application.Tests.csproj", "{E6F194AA-5CE6-4984-9F40-3E103AB875D2}"
EndProject
Global
	GlobalSection(SolutionConfigurationPlatforms) = preSolution
		Debug|Any CPU = Debug|Any CPU
		Release|Any CPU = Release|Any CPU
	EndGlobalSection
	GlobalSection(ProjectConfigurationPlatforms) = postSolution
		{08F880C1-D1CC-44A1-BF2E-B38AF931BCBD}.Debug|Any CPU.ActiveCfg = Debug|Any CPU
		{08F880C1-D1CC-44A1-BF2E-B38AF931BCBD}.Debug|Any CPU.Build.0 = Debug|Any CPU
		{08F880C1-D1CC-44A1-BF2E-B38AF931BCBD}.Release|Any CPU.ActiveCfg = Release|Any CPU
		{08F880C1-D1CC-44A1-BF2E-B38AF931BCBD}.Release|Any CPU.Build.0 = Release|Any CPU
		{C2462692-AB89-43EE-B860-2E73B6F252A7}.Debug|Any CPU.ActiveCfg = Debug|Any CPU
		{C2462692-AB89-43EE-B860-2E73B6F252A7}.Debug|Any CPU.Build.0 = Debug|Any CPU
		{C2462692-AB89-43EE-B860-2E73B6F252A7}.Release|Any CPU.ActiveCfg = Release|Any CPU
		{C2462692-AB89-43EE-B860-2E73B6F252A7}.Release|Any CPU.Build.0 = Release|Any CPU
		{754BC422-56B4-4475-A3ED-C04994CA650E}.Debug|Any CPU.ActiveCfg = Debug|Any CPU
		{754BC422-56B4-4475-A3ED-C04994CA650E}.Debug|Any CPU.Build.0 = Debug|Any CPU
		{754BC422-56B4-4475-A3ED-C04994CA650E}.Release|Any CPU.ActiveCfg = Release|Any CPU
		{754BC422-56B4-4475-A3ED-C04994CA650E}.Release|Any CPU.Build.0 = Release|Any CPU
		{4A9767C6-E891-48E6-879B-A706FEBF3963}.Debug|Any CPU.ActiveCfg = Debug|Any CPU
		{4A9767C6-E891-48E6-879B-A706FEBF3963}.Debug|Any CPU.Build.0 = Debug|Any CPU
		{4A9767C6-E891-48E6-879B-A706FEBF3963}.Release|Any CPU.ActiveCfg = Release|Any CPU
		{4A9767C6-E891-48E6-879B-A706FEBF3963}.Release|Any CPU.Build.0 = Release|Any CPU
		{2B2D79EF-6706-4FE6-A76D-00C2C1272D6D}.Debug|Any CPU.ActiveCfg = Debug|Any CPU
		{2B2D79EF-6706-4FE6-A76D-00C2C1272D6D}.Debug|Any CPU.Build.0 = Debug|Any CPU
		{2B2D79EF-6706-4FE6-A76D-00C2C1272D6D}.Release|Any CPU.ActiveCfg = Release|Any CPU
		{2B2D79EF-6706-4FE6-A76D-00C2C1272D6D}.Release|Any CPU.Build.0 = Release|Any CPU
		{4A735B50-06E0-4FC2-9815-A633ADE38C3B}.Debug|Any CPU.ActiveCfg = Debug|Any CPU
		{4A735B50-06E0-4FC2-9815-A633ADE38C3B}.Debug|Any CPU.Build.0 = Debug|Any CPU
		{4A735B50-06E0-4FC2-9815-A633ADE38C3B}.Release|Any CPU.ActiveCfg = Release|Any CPU
		{4A735B50-06E0-4FC2-9815-A633ADE38C3B}.Release|Any CPU.Build.0 = Release|Any CPU
		{E6F194AA-5CE6-4984-9F40-3E103AB875D2}.Debug|Any CPU.ActiveCfg = Debug|Any CPU
		{E6F194AA-5CE6-4984-9F40-3E103AB875D2}.Debug|Any CPU.Build.0 = Debug|Any CPU
		{E6F194AA-5CE6-4984-9F40-3E103AB875D2}.Release|Any CPU.ActiveCfg = Release|Any CPU
		{E6F194AA-5CE6-4984-9F40-3E103AB875D2}.Release|Any CPU.Build.0 = Release|Any CPU
	EndGlobalSection
	GlobalSection(SolutionProperties) = preSolution
		HideSolutionNode = FALSE
	EndGlobalSection
EndGlobal
